// !$*UTF8*$!
{
	archiveVersion = 1;
	classes = {
	};
	objectVersion = 46;
	objects = {

/* Begin PBXBuildFile section */
		83122E0016A6F7000031E1A6 /* tooladjust.png in Resources */ = {isa = PBXBuildFile; fileRef = 83122DFF16A6F7000031E1A6 /* tooladjust.png */; };
		832932FE17EDE5FB004F63D9 /* button@2x.png in Resources */ = {isa = PBXBuildFile; fileRef = 832932FB17EDE5FB004F63D9 /* button@2x.png */; };
		832932FF17EDE5FB004F63D9 /* button.png in Resources */ = {isa = PBXBuildFile; fileRef = 832932FC17EDE5FB004F63D9 /* button.png */; };
		8329330017EDE5FB004F63D9 /* buttonlong.png in Resources */ = {isa = PBXBuildFile; fileRef = 832932FD17EDE5FB004F63D9 /* buttonlong.png */; };
		834C368A16A5A01D00566071 /* eraser.png in Resources */ = {isa = PBXBuildFile; fileRef = 834C368916A5A01D00566071 /* eraser.png */; };
		836225D016A82A3100C2DB84 /* titlescreen.jpg in Resources */ = {isa = PBXBuildFile; fileRef = 836225CF16A82A3100C2DB84 /* titlescreen.jpg */; };
		836225D216A82A3900C2DB84 /* pageselect.jpg in Resources */ = {isa = PBXBuildFile; fileRef = 836225D116A82A3900C2DB84 /* pageselect.jpg */; };
		836225DB16A82F8E00C2DB84 /* page1.jpg in Resources */ = {isa = PBXBuildFile; fileRef = 836225D816A82F8E00C2DB84 /* page1.jpg */; };
		836225DC16A82F8E00C2DB84 /* page2.jpg in Resources */ = {isa = PBXBuildFile; fileRef = 836225D916A82F8E00C2DB84 /* page2.jpg */; };
		836225DD16A82F8E00C2DB84 /* page3.jpg in Resources */ = {isa = PBXBuildFile; fileRef = 836225DA16A82F8E00C2DB84 /* page3.jpg */; };
		836225E416A8302800C2DB84 /* icon.png in Resources */ = {isa = PBXBuildFile; fileRef = 836225E216A8302800C2DB84 /* icon.png */; };
		836225E516A8302800C2DB84 /* icon@2x.png in Resources */ = {isa = PBXBuildFile; fileRef = 836225E316A8302800C2DB84 /* icon@2x.png */; };
		836B26F716BA71C700C88587 /* page1.png in Resources */ = {isa = PBXBuildFile; fileRef = 836B26F416BA71C700C88587 /* page1.png */; };
		836B26F816BA71C700C88587 /* page2.png in Resources */ = {isa = PBXBuildFile; fileRef = 836B26F516BA71C700C88587 /* page2.png */; };
		836B26F916BA71C700C88587 /* page3.png in Resources */ = {isa = PBXBuildFile; fileRef = 836B26F616BA71C700C88587 /* page3.png */; };
		836B26FC16BA7A5A00C88587 /* colorselect.png in Resources */ = {isa = PBXBuildFile; fileRef = 836B26FB16BA7A5A00C88587 /* colorselect.png */; };
		836B270116BA7C8C00C88587 /* AVFoundation.framework in Frameworks */ = {isa = PBXBuildFile; fileRef = 836B270016BA7C8C00C88587 /* AVFoundation.framework */; };
		836B270516BA7E4300C88587 /* background.mp3 in Resources */ = {isa = PBXBuildFile; fileRef = 836B270416BA7E4300C88587 /* background.mp3 */; };
		83C3B1D6162C651200949D72 /* toolbar.png in Resources */ = {isa = PBXBuildFile; fileRef = 83C3B1D5162C651200949D72 /* toolbar.png */; };
		83C3B1DD162C680400949D72 /* arrow_down.png in Resources */ = {isa = PBXBuildFile; fileRef = 83C3B1DB162C680400949D72 /* arrow_down.png */; };
		83C3B1DE162C680400949D72 /* arrow_up.png in Resources */ = {isa = PBXBuildFile; fileRef = 83C3B1DC162C680400949D72 /* arrow_up.png */; };
		83D885B715D31612000850AC /* UIKit.framework in Frameworks */ = {isa = PBXBuildFile; fileRef = 83D885B615D31612000850AC /* UIKit.framework */; };
		83D885B915D31612000850AC /* Foundation.framework in Frameworks */ = {isa = PBXBuildFile; fileRef = 83D885B815D31612000850AC /* Foundation.framework */; };
		83D885BB15D31612000850AC /* CoreGraphics.framework in Frameworks */ = {isa = PBXBuildFile; fileRef = 83D885BA15D31612000850AC /* CoreGraphics.framework */; };
		83D885C115D31612000850AC /* InfoPlist.strings in Resources */ = {isa = PBXBuildFile; fileRef = 83D885BF15D31612000850AC /* InfoPlist.strings */; };
		83D885C315D31612000850AC /* main.m in Sources */ = {isa = PBXBuildFile; fileRef = 83D885C215D31612000850AC /* main.m */; };
		83D885C715D31612000850AC /* AppDelegate.m in Sources */ = {isa = PBXBuildFile; fileRef = 83D885C615D31612000850AC /* AppDelegate.m */; };
		83D885CA15D31612000850AC /* ViewController.m in Sources */ = {isa = PBXBuildFile; fileRef = 83D885C915D31612000850AC /* ViewController.m */; };
		83D885CD15D31612000850AC /* ViewController.xib in Resources */ = {isa = PBXBuildFile; fileRef = 83D885CB15D31612000850AC /* ViewController.xib */; };
		83F95F68162C2E9C0078247A /* crayonhead.png in Resources */ = {isa = PBXBuildFile; fileRef = 83F95F67162C2E9C0078247A /* crayonhead.png */; };
		83F95F6B162C4D550078247A /* arrow_left.png in Resources */ = {isa = PBXBuildFile; fileRef = 83F95F69162C4D550078247A /* arrow_left.png */; };
		83F95F6C162C4D550078247A /* arrow_right.png in Resources */ = {isa = PBXBuildFile; fileRef = 83F95F6A162C4D550078247A /* arrow_right.png */; };
/* End PBXBuildFile section */

/* Begin PBXFileReference section */
		83122DFF16A6F7000031E1A6 /* tooladjust.png */ = {isa = PBXFileReference; lastKnownFileType = image.png; path = tooladjust.png; sourceTree = "<group>"; };
		832932FB17EDE5FB004F63D9 /* button@2x.png */ = {isa = PBXFileReference; lastKnownFileType = image.png; path = "button@2x.png"; sourceTree = "<group>"; };
		832932FC17EDE5FB004F63D9 /* button.png */ = {isa = PBXFileReference; lastKnownFileType = image.png; path = button.png; sourceTree = "<group>"; };
		832932FD17EDE5FB004F63D9 /* buttonlong.png */ = {isa = PBXFileReference; lastKnownFileType = image.png; path = buttonlong.png; sourceTree = "<group>"; };
		834C368916A5A01D00566071 /* eraser.png */ = {isa = PBXFileReference; lastKnownFileType = image.png; path = eraser.png; sourceTree = "<group>"; };
		836225CF16A82A3100C2DB84 /* titlescreen.jpg */ = {isa = PBXFileReference; lastKnownFileType = image.jpeg; path = titlescreen.jpg; sourceTree = "<group>"; };
		836225D116A82A3900C2DB84 /* pageselect.jpg */ = {isa = PBXFileReference; lastKnownFileType = image.jpeg; path = pageselect.jpg; sourceTree = "<group>"; };
		836225D816A82F8E00C2DB84 /* page1.jpg */ = {isa = PBXFileReference; lastKnownFileType = image.jpeg; path = page1.jpg; sourceTree = "<group>"; };
		836225D916A82F8E00C2DB84 /* page2.jpg */ = {isa = PBXFileReference; lastKnownFileType = image.jpeg; path = page2.jpg; sourceTree = "<group>"; };
		836225DA16A82F8E00C2DB84 /* page3.jpg */ = {isa = PBXFileReference; lastKnownFileType = image.jpeg; path = page3.jpg; sourceTree = "<group>"; };
		836225E216A8302800C2DB84 /* icon.png */ = {isa = PBXFileReference; lastKnownFileType = image.png; path = icon.png; sourceTree = "<group>"; };
		836225E316A8302800C2DB84 /* icon@2x.png */ = {isa = PBXFileReference; lastKnownFileType = image.png; path = "icon@2x.png"; sourceTree = "<group>"; };
		836B26F416BA71C700C88587 /* page1.png */ = {isa = PBXFileReference; lastKnownFileType = image.png; path = page1.png; sourceTree = "<group>"; };
		836B26F516BA71C700C88587 /* page2.png */ = {isa = PBXFileReference; lastKnownFileType = image.png; path = page2.png; sourceTree = "<group>"; };
		836B26F616BA71C700C88587 /* page3.png */ = {isa = PBXFileReference; lastKnownFileType = image.png; path = page3.png; sourceTree = "<group>"; };
		836B26FB16BA7A5A00C88587 /* colorselect.png */ = {isa = PBXFileReference; lastKnownFileType = image.png; path = colorselect.png; sourceTree = "<group>"; };
		836B270016BA7C8C00C88587 /* AVFoundation.framework */ = {isa = PBXFileReference; lastKnownFileType = wrapper.framework; name = AVFoundation.framework; path = System/Library/Frameworks/AVFoundation.framework; sourceTree = SDKROOT; };
		836B270416BA7E4300C88587 /* background.mp3 */ = {isa = PBXFileReference; lastKnownFileType = audio.mp3; path = background.mp3; sourceTree = "<group>"; };
		83C3B1D5162C651200949D72 /* toolbar.png */ = {isa = PBXFileReference; lastKnownFileType = image.png; path = toolbar.png; sourceTree = "<group>"; };
		83C3B1DB162C680400949D72 /* arrow_down.png */ = {isa = PBXFileReference; lastKnownFileType = image.png; path = arrow_down.png; sourceTree = "<group>"; };
		83C3B1DC162C680400949D72 /* arrow_up.png */ = {isa = PBXFileReference; lastKnownFileType = image.png; path = arrow_up.png; sourceTree = "<group>"; };
		83D885B215D31612000850AC /* ColoringApp.app */ = {isa = PBXFileReference; explicitFileType = wrapper.application; includeInIndex = 0; path = ColoringApp.app; sourceTree = BUILT_PRODUCTS_DIR; };
		83D885B615D31612000850AC /* UIKit.framework */ = {isa = PBXFileReference; lastKnownFileType = wrapper.framework; name = UIKit.framework; path = System/Library/Frameworks/UIKit.framework; sourceTree = SDKROOT; };
		83D885B815D31612000850AC /* Foundation.framework */ = {isa = PBXFileReference; lastKnownFileType = wrapper.framework; name = Foundation.framework; path = System/Library/Frameworks/Foundation.framework; sourceTree = SDKROOT; };
		83D885BA15D31612000850AC /* CoreGraphics.framework */ = {isa = PBXFileReference; lastKnownFileType = wrapper.framework; name = CoreGraphics.framework; path = System/Library/Frameworks/CoreGraphics.framework; sourceTree = SDKROOT; };
		83D885BE15D31612000850AC /* ColoringApp-Info.plist */ = {isa = PBXFileReference; lastKnownFileType = text.plist.xml; path = "ColoringApp-Info.plist"; sourceTree = "<group>"; };
		83D885C015D31612000850AC /* en */ = {isa = PBXFileReference; lastKnownFileType = text.plist.strings; name = en; path = en.lproj/InfoPlist.strings; sourceTree = "<group>"; };
		83D885C215D31612000850AC /* main.m */ = {isa = PBXFileReference; lastKnownFileType = sourcecode.c.objc; path = main.m; sourceTree = "<group>"; };
		83D885C415D31612000850AC /* ColoringApp-Prefix.pch */ = {isa = PBXFileReference; lastKnownFileType = sourcecode.c.h; path = "ColoringApp-Prefix.pch"; sourceTree = "<group>"; };
		83D885C515D31612000850AC /* AppDelegate.h */ = {isa = PBXFileReference; lastKnownFileType = sourcecode.c.h; path = AppDelegate.h; sourceTree = "<group>"; };
		83D885C615D31612000850AC /* AppDelegate.m */ = {isa = PBXFileReference; lastKnownFileType = sourcecode.c.objc; path = AppDelegate.m; sourceTree = "<group>"; };
		83D885C815D31612000850AC /* ViewController.h */ = {isa = PBXFileReference; lastKnownFileType = sourcecode.c.h; path = ViewController.h; sourceTree = "<group>"; };
		83D885C915D31612000850AC /* ViewController.m */ = {isa = PBXFileReference; lastKnownFileType = sourcecode.c.objc; path = ViewController.m; sourceTree = "<group>"; };
		83D885CC15D31612000850AC /* en */ = {isa = PBXFileReference; lastKnownFileType = file.xib; name = en; path = en.lproj/ViewController.xib; sourceTree = "<group>"; };
		83F95F67162C2E9C0078247A /* crayonhead.png */ = {isa = PBXFileReference; lastKnownFileType = image.png; path = crayonhead.png; sourceTree = "<group>"; };
		83F95F69162C4D550078247A /* arrow_left.png */ = {isa = PBXFileReference; lastKnownFileType = image.png; path = arrow_left.png; sourceTree = "<group>"; };
		83F95F6A162C4D550078247A /* arrow_right.png */ = {isa = PBXFileReference; lastKnownFileType = image.png; path = arrow_right.png; sourceTree = "<group>"; };
/* End PBXFileReference section */

/* Begin PBXFrameworksBuildPhase section */
		83D885AF15D31612000850AC /* Frameworks */ = {
			isa = PBXFrameworksBuildPhase;
			buildActionMask = 2147483647;
			files = (
				836B270116BA7C8C00C88587 /* AVFoundation.framework in Frameworks */,
				83D885B715D31612000850AC /* UIKit.framework in Frameworks */,
				83D885B915D31612000850AC /* Foundation.framework in Frameworks */,
				83D885BB15D31612000850AC /* CoreGraphics.framework in Frameworks */,
			);
			runOnlyForDeploymentPostprocessing = 0;
		};
/* End PBXFrameworksBuildPhase section */

/* Begin PBXGroup section */
		83D885A715D31612000850AC = {
			isa = PBXGroup;
			children = (
				83D885BC15D31612000850AC /* ColoringApp */,
				83D885B515D31612000850AC /* Frameworks */,
				83D885B315D31612000850AC /* Products */,
			);
			sourceTree = "<group>";
		};
		83D885B315D31612000850AC /* Products */ = {
			isa = PBXGroup;
			children = (
				83D885B215D31612000850AC /* ColoringApp.app */,
			);
			name = Products;
			sourceTree = "<group>";
		};
		83D885B515D31612000850AC /* Frameworks */ = {
			isa = PBXGroup;
			children = (
				836B270016BA7C8C00C88587 /* AVFoundation.framework */,
				83D885B615D31612000850AC /* UIKit.framework */,
				83D885B815D31612000850AC /* Foundation.framework */,
				83D885BA15D31612000850AC /* CoreGraphics.framework */,
			);
			name = Frameworks;
			sourceTree = "<group>";
		};
		83D885BC15D31612000850AC /* ColoringApp */ = {
			isa = PBXGroup;
			children = (
				83F95F62162C2E140078247A /* App Images */,
				83F95F56162C183B0078247A /* Pages */,
				83D885C515D31612000850AC /* AppDelegate.h */,
				83D885C615D31612000850AC /* AppDelegate.m */,
				83D885C815D31612000850AC /* ViewController.h */,
				83D885C915D31612000850AC /* ViewController.m */,
				83D885CB15D31612000850AC /* ViewController.xib */,
				83D885BD15D31612000850AC /* Supporting Files */,
			);
			path = ColoringApp;
			sourceTree = "<group>";
		};
		83D885BD15D31612000850AC /* Supporting Files */ = {
			isa = PBXGroup;
			children = (
				836225E216A8302800C2DB84 /* icon.png */,
				836225E316A8302800C2DB84 /* icon@2x.png */,
				83D885BE15D31612000850AC /* ColoringApp-Info.plist */,
				83D885BF15D31612000850AC /* InfoPlist.strings */,
				83D885C215D31612000850AC /* main.m */,
				83D885C415D31612000850AC /* ColoringApp-Prefix.pch */,
			);
			name = "Supporting Files";
			sourceTree = "<group>";
		};
		83F95F56162C183B0078247A /* Pages */ = {
			isa = PBXGroup;
			children = (
				836B270416BA7E4300C88587 /* background.mp3 */,
				836225D816A82F8E00C2DB84 /* page1.jpg */,
				836225D916A82F8E00C2DB84 /* page2.jpg */,
				836225DA16A82F8E00C2DB84 /* page3.jpg */,
				836B26F416BA71C700C88587 /* page1.png */,
				836B26F516BA71C700C88587 /* page2.png */,
				836B26F616BA71C700C88587 /* page3.png */,
			);
			path = Pages;
			sourceTree = "<group>";
		};
		83F95F62162C2E140078247A /* App Images */ = {
			isa = PBXGroup;
			children = (
				832932FB17EDE5FB004F63D9 /* button@2x.png */,
				832932FC17EDE5FB004F63D9 /* button.png */,
				832932FD17EDE5FB004F63D9 /* buttonlong.png */,
				836225CF16A82A3100C2DB84 /* titlescreen.jpg */,
				836225D116A82A3900C2DB84 /* pageselect.jpg */,
				83122DFF16A6F7000031E1A6 /* tooladjust.png */,
				836B26FB16BA7A5A00C88587 /* colorselect.png */,
				83C3B1D5162C651200949D72 /* toolbar.png */,
				83F95F69162C4D550078247A /* arrow_left.png */,
				83F95F6A162C4D550078247A /* arrow_right.png */,
				83C3B1DB162C680400949D72 /* arrow_down.png */,
				83C3B1DC162C680400949D72 /* arrow_up.png */,
				834C368916A5A01D00566071 /* eraser.png */,
				83F95F67162C2E9C0078247A /* crayonhead.png */,
			);
			path = "App Images";
			sourceTree = "<group>";
		};
/* End PBXGroup section */

/* Begin PBXNativeTarget section */
		83D885B115D31612000850AC /* ColoringApp */ = {
			isa = PBXNativeTarget;
			buildConfigurationList = 83D885D015D31612000850AC /* Build configuration list for PBXNativeTarget "ColoringApp" */;
			buildPhases = (
				83D885AE15D31612000850AC /* Sources */,
				83D885AF15D31612000850AC /* Frameworks */,
				83D885B015D31612000850AC /* Resources */,
			);
			buildRules = (
			);
			dependencies = (
			);
			name = ColoringApp;
			productName = ColoringApp;
			productReference = 83D885B215D31612000850AC /* ColoringApp.app */;
			productType = "com.apple.product-type.application";
		};
/* End PBXNativeTarget section */

/* Begin PBXProject section */
		83D885A915D31612000850AC /* Project object */ = {
			isa = PBXProject;
			attributes = {
				LastUpgradeCheck = 0500;
				ORGANIZATIONNAME = "Chris Mayer";
			};
			buildConfigurationList = 83D885AC15D31612000850AC /* Build configuration list for PBXProject "ColoringApp" */;
			compatibilityVersion = "Xcode 3.2";
			developmentRegion = English;
			hasScannedForEncodings = 0;
			knownRegions = (
				en,
			);
			mainGroup = 83D885A715D31612000850AC;
			productRefGroup = 83D885B315D31612000850AC /* Products */;
			projectDirPath = "";
			projectRoot = "";
			targets = (
				83D885B115D31612000850AC /* ColoringApp */,
			);
		};
/* End PBXProject section */

/* Begin PBXResourcesBuildPhase section */
		83D885B015D31612000850AC /* Resources */ = {
			isa = PBXResourcesBuildPhase;
			buildActionMask = 2147483647;
			files = (
				83D885C115D31612000850AC /* InfoPlist.strings in Resources */,
				832932FF17EDE5FB004F63D9 /* button.png in Resources */,
				83D885CD15D31612000850AC /* ViewController.xib in Resources */,
				83F95F68162C2E9C0078247A /* crayonhead.png in Resources */,
				83F95F6B162C4D550078247A /* arrow_left.png in Resources */,
				83F95F6C162C4D550078247A /* arrow_right.png in Resources */,
				83C3B1D6162C651200949D72 /* toolbar.png in Resources */,
				83C3B1DD162C680400949D72 /* arrow_down.png in Resources */,
				832932FE17EDE5FB004F63D9 /* button@2x.png in Resources */,
				83C3B1DE162C680400949D72 /* arrow_up.png in Resources */,
				834C368A16A5A01D00566071 /* eraser.png in Resources */,
				8329330017EDE5FB004F63D9 /* buttonlong.png in Resources */,
				83122E0016A6F7000031E1A6 /* tooladjust.png in Resources */,
				836225D016A82A3100C2DB84 /* titlescreen.jpg in Resources */,
				836225D216A82A3900C2DB84 /* pageselect.jpg in Resources */,
				836225DB16A82F8E00C2DB84 /* page1.jpg in Resources */,
				836225DC16A82F8E00C2DB84 /* page2.jpg in Resources */,
				836225DD16A82F8E00C2DB84 /* page3.jpg in Resources */,
				836225E416A8302800C2DB84 /* icon.png in Resources */,
				836225E516A8302800C2DB84 /* icon@2x.png in Resources */,
				836B26F716BA71C700C88587 /* page1.png in Resources */,
				836B26F816BA71C700C88587 /* page2.png in Resources */,
				836B26F916BA71C700C88587 /* page3.png in Resources */,
				836B26FC16BA7A5A00C88587 /* colorselect.png in Resources */,
				836B270516BA7E4300C88587 /* background.mp3 in Resources */,
			);
			runOnlyForDeploymentPostprocessing = 0;
		};
/* End PBXResourcesBuildPhase section */

/* Begin PBXSourcesBuildPhase section */
		83D885AE15D31612000850AC /* Sources */ = {
			isa = PBXSourcesBuildPhase;
			buildActionMask = 2147483647;
			files = (
				83D885C315D31612000850AC /* main.m in Sources */,
				83D885C715D31612000850AC /* AppDelegate.m in Sources */,
				83D885CA15D31612000850AC /* ViewController.m in Sources */,
			);
			runOnlyForDeploymentPostprocessing = 0;
		};
/* End PBXSourcesBuildPhase section */

/* Begin PBXVariantGroup section */
		83D885BF15D31612000850AC /* InfoPlist.strings */ = {
			isa = PBXVariantGroup;
			children = (
				83D885C015D31612000850AC /* en */,
			);
			name = InfoPlist.strings;
			sourceTree = "<group>";
		};
		83D885CB15D31612000850AC /* ViewController.xib */ = {
			isa = PBXVariantGroup;
			children = (
				83D885CC15D31612000850AC /* en */,
			);
			name = ViewController.xib;
			sourceTree = "<group>";
		};
/* End PBXVariantGroup section */

/* Begin XCBuildConfiguration section */
		83D885CE15D31612000850AC /* Debug */ = {
			isa = XCBuildConfiguration;
			buildSettings = {
				ALWAYS_SEARCH_USER_PATHS = NO;
				CLANG_CXX_LANGUAGE_STANDARD = "gnu++0x";
				CLANG_WARN__DUPLICATE_METHOD_MATCH = YES;
				CODE_SIGN_IDENTITY = "iPhone Developer";
				COPY_PHASE_STRIP = NO;
				GCC_C_LANGUAGE_STANDARD = gnu99;
				GCC_DYNAMIC_NO_PIC = NO;
				GCC_OPTIMIZATION_LEVEL = 0;
				GCC_PREPROCESSOR_DEFINITIONS = (
					"DEBUG=1",
					"$(inherited)",
				);
				GCC_SYMBOLS_PRIVATE_EXTERN = NO;
				GCC_WARN_ABOUT_RETURN_TYPE = YES;
				GCC_WARN_UNINITIALIZED_AUTOS = YES;
				GCC_WARN_UNUSED_VARIABLE = YES;
				IPHONEOS_DEPLOYMENT_TARGET = 4.3;
				ONLY_ACTIVE_ARCH = YES;
				PROVISIONING_PROFILE = "";
				SDKROOT = iphoneos;
				TARGETED_DEVICE_FAMILY = 2;
			};
			name = Debug;
		};
		83D885CF15D31612000850AC /* Release */ = {
			isa = XCBuildConfiguration;
			buildSettings = {
				ALWAYS_SEARCH_USER_PATHS = NO;
				CLANG_CXX_LANGUAGE_STANDARD = "gnu++0x";
				CLANG_WARN__DUPLICATE_METHOD_MATCH = YES;
				CODE_SIGN_IDENTITY = "iPhone Distribution";
				COPY_PHASE_STRIP = YES;
				GCC_C_LANGUAGE_STANDARD = gnu99;
				GCC_WARN_ABOUT_RETURN_TYPE = YES;
				GCC_WARN_UNINITIALIZED_AUTOS = YES;
				GCC_WARN_UNUSED_VARIABLE = YES;
				IPHONEOS_DEPLOYMENT_TARGET = 4.3;
				OTHER_CFLAGS = "-DNS_BLOCK_ASSERTIONS=1";
				PROVISIONING_PROFILE = "";
				SDKROOT = iphoneos;
				TARGETED_DEVICE_FAMILY = 2;
				VALIDATE_PRODUCT = YES;
			};
			name = Release;
		};
		83D885D115D31612000850AC /* Debug */ = {
			isa = XCBuildConfiguration;
			buildSettings = {
				GCC_PRECOMPILE_PREFIX_HEADER = YES;
				GCC_PREFIX_HEADER = "ColoringApp/ColoringApp-Prefix.pch";
				INFOPLIST_FILE = "ColoringApp/ColoringApp-Info.plist";
				PRODUCT_NAME = "$(TARGET_NAME)";
				WRAPPER_EXTENSION = app;
			};
			name = Debug;
		};
		83D885D215D31612000850AC /* Release */ = {
			isa = XCBuildConfiguration;
			buildSettings = {
				GCC_PRECOMPILE_PREFIX_HEADER = YES;
				GCC_PREFIX_HEADER = "ColoringApp/ColoringApp-Prefix.pch";
				INFOPLIST_FILE = "ColoringApp/ColoringApp-Info.plist";
				PRODUCT_NAME = "$(TARGET_NAME)";
				WRAPPER_EXTENSION = app;
			};
			name = Release;
		};
/* End XCBuildConfiguration section */

/* Begin XCConfigurationList section */
		83D885AC15D31612000850AC /* Build configuration list for PBXProject "ColoringApp" */ = {
			isa = XCConfigurationList;
			buildConfigurations = (
				83D885CE15D31612000850AC /* Debug */,
				83D885CF15D31612000850AC /* Release */,
			);
			defaultConfigurationIsVisible = 0;
			defaultConfigurationName = Release;
		};
		83D885D015D31612000850AC /* Build configuration list for PBXNativeTarget "ColoringApp" */ = {
			isa = XCConfigurationList;
			buildConfigurations = (
				83D885D115D31612000850AC /* Debug */,
				83D885D215D31612000850AC /* Release */,
			);
			defaultConfigurationIsVisible = 0;
			defaultConfigurationName = Release;
		};
/* End XCConfigurationList section */
	};
	rootObject = 83D885A915D31612000850AC /* Project object */;
}
